// !$*UTF8*$!
{
	archiveVersion = 1;
	classes = {
	};
	objectVersion = 46;
	objects = {

/* Begin PBXBuildFile section */
		165D5F4F1F122414009DC5E8 /* AppDelegate.swift in Sources */ = {isa = PBXBuildFile; fileRef = 165D5F4E1F122414009DC5E8 /* AppDelegate.swift */; };
		165D5F541F122414009DC5E8 /* Main.storyboard in Resources */ = {isa = PBXBuildFile; fileRef = 165D5F521F122414009DC5E8 /* Main.storyboard */; };
		165D5F561F122414009DC5E8 /* Assets.xcassets in Resources */ = {isa = PBXBuildFile; fileRef = 165D5F551F122414009DC5E8 /* Assets.xcassets */; };
		165D5F591F122414009DC5E8 /* LaunchScreen.storyboard in Resources */ = {isa = PBXBuildFile; fileRef = 165D5F571F122414009DC5E8 /* LaunchScreen.storyboard */; };
		165D5F641F122414009DC5E8 /* TabBarTests.swift in Sources */ = {isa = PBXBuildFile; fileRef = 165D5F631F122414009DC5E8 /* TabBarTests.swift */; };
		165D5F6F1F122414009DC5E8 /* TabBarUITests.swift in Sources */ = {isa = PBXBuildFile; fileRef = 165D5F6E1F122414009DC5E8 /* TabBarUITests.swift */; };
		165D5F8A1F12285E009DC5E8 /* Common.swift in Sources */ = {isa = PBXBuildFile; fileRef = 165D5F891F12285E009DC5E8 /* Common.swift */; };
		165D5F8C1F122915009DC5E8 /* UIColorExtension.swift in Sources */ = {isa = PBXBuildFile; fileRef = 165D5F8B1F122915009DC5E8 /* UIColorExtension.swift */; };
		165D5F8F1F1229D8009DC5E8 /* TabBarController.swift in Sources */ = {isa = PBXBuildFile; fileRef = 165D5F8E1F1229D8009DC5E8 /* TabBarController.swift */; };
		165D5F951F122A54009DC5E8 /* NavigationController.swift in Sources */ = {isa = PBXBuildFile; fileRef = 165D5F941F122A54009DC5E8 /* NavigationController.swift */; };
		165D5F971F122B8A009DC5E8 /* EntertainmentVC.swift in Sources */ = {isa = PBXBuildFile; fileRef = 165D5F961F122B8A009DC5E8 /* EntertainmentVC.swift */; };
		165D5F9A1F122BA6009DC5E8 /* HomeVC.swift in Sources */ = {isa = PBXBuildFile; fileRef = 165D5F981F122BA6009DC5E8 /* HomeVC.swift */; };
		165D5F9B1F122BA6009DC5E8 /* GameVC.swift in Sources */ = {isa = PBXBuildFile; fileRef = 165D5F991F122BA6009DC5E8 /* GameVC.swift */; };
		165D5F9E1F122DC4009DC5E8 /* GameModel.swift in Sources */ = {isa = PBXBuildFile; fileRef = 165D5F9D1F122DC4009DC5E8 /* GameModel.swift */; };
		165D5FA11F126BCE009DC5E8 /* SearchVC.swift in Sources */ = {isa = PBXBuildFile; fileRef = 165D5FA01F126BCE009DC5E8 /* SearchVC.swift */; };
		165D5FA31F126C09009DC5E8 /* BaseVC.swift in Sources */ = {isa = PBXBuildFile; fileRef = 165D5FA21F126C09009DC5E8 /* BaseVC.swift */; };
/* End PBXBuildFile section */

/* Begin PBXContainerItemProxy section */
		165D5F601F122414009DC5E8 /* PBXContainerItemProxy */ = {
			isa = PBXContainerItemProxy;
			containerPortal = 165D5F431F122414009DC5E8 /* Project object */;
			proxyType = 1;
			remoteGlobalIDString = 165D5F4A1F122414009DC5E8;
			remoteInfo = TabBar;
		};
		165D5F6B1F122414009DC5E8 /* PBXContainerItemProxy */ = {
			isa = PBXContainerItemProxy;
			containerPortal = 165D5F431F122414009DC5E8 /* Project object */;
			proxyType = 1;
			remoteGlobalIDString = 165D5F4A1F122414009DC5E8;
			remoteInfo = TabBar;
		};
/* End PBXContainerItemProxy section */

/* Begin PBXFileReference section */
		165D5F4B1F122414009DC5E8 /* TabBar.app */ = {isa = PBXFileReference; explicitFileType = wrapper.application; includeInIndex = 0; path = TabBar.app; sourceTree = BUILT_PRODUCTS_DIR; };
		165D5F4E1F122414009DC5E8 /* AppDelegate.swift */ = {isa = PBXFileReference; lastKnownFileType = sourcecode.swift; path = AppDelegate.swift; sourceTree = "<group>"; };
		165D5F531F122414009DC5E8 /* Base */ = {isa = PBXFileReference; lastKnownFileType = file.storyboard; name = Base; path = Base.lproj/Main.storyboard; sourceTree = "<group>"; };
		165D5F551F122414009DC5E8 /* Assets.xcassets */ = {isa = PBXFileReference; lastKnownFileType = folder.assetcatalog; path = Assets.xcassets; sourceTree = "<group>"; };
		165D5F581F122414009DC5E8 /* Base */ = {isa = PBXFileReference; lastKnownFileType = file.storyboard; name = Base; path = Base.lproj/LaunchScreen.storyboard; sourceTree = "<group>"; };
		165D5F5A1F122414009DC5E8 /* Info.plist */ = {isa = PBXFileReference; lastKnownFileType = text.plist.xml; path = Info.plist; sourceTree = "<group>"; };
		165D5F5F1F122414009DC5E8 /* TabBarTests.xctest */ = {isa = PBXFileReference; explicitFileType = wrapper.cfbundle; includeInIndex = 0; path = TabBarTests.xctest; sourceTree = BUILT_PRODUCTS_DIR; };
		165D5F631F122414009DC5E8 /* TabBarTests.swift */ = {isa = PBXFileReference; lastKnownFileType = sourcecode.swift; path = TabBarTests.swift; sourceTree = "<group>"; };
		165D5F651F122414009DC5E8 /* Info.plist */ = {isa = PBXFileReference; lastKnownFileType = text.plist.xml; path = Info.plist; sourceTree = "<group>"; };
		165D5F6A1F122414009DC5E8 /* TabBarUITests.xctest */ = {isa = PBXFileReference; explicitFileType = wrapper.cfbundle; includeInIndex = 0; path = TabBarUITests.xctest; sourceTree = BUILT_PRODUCTS_DIR; };
		165D5F6E1F122414009DC5E8 /* TabBarUITests.swift */ = {isa = PBXFileReference; lastKnownFileType = sourcecode.swift; path = TabBarUITests.swift; sourceTree = "<group>"; };
		165D5F701F122414009DC5E8 /* Info.plist */ = {isa = PBXFileReference; lastKnownFileType = text.plist.xml; path = Info.plist; sourceTree = "<group>"; };
		165D5F891F12285E009DC5E8 /* Common.swift */ = {isa = PBXFileReference; fileEncoding = 4; lastKnownFileType = sourcecode.swift; name = Common.swift; path = TabBar/Common/Common.swift; sourceTree = "<group>"; };
		165D5F8B1F122915009DC5E8 /* UIColorExtension.swift */ = {isa = PBXFileReference; fileEncoding = 4; lastKnownFileType = sourcecode.swift; path = UIColorExtension.swift; sourceTree = "<group>"; };
		165D5F8E1F1229D8009DC5E8 /* TabBarController.swift */ = {isa = PBXFileReference; fileEncoding = 4; lastKnownFileType = sourcecode.swift; name = TabBarController.swift; path = Controller/TabBarController.swift; sourceTree = "<group>"; };
		165D5F941F122A54009DC5E8 /* NavigationController.swift */ = {isa = PBXFileReference; fileEncoding = 4; lastKnownFileType = sourcecode.swift; name = NavigationController.swift; path = Controller/NavigationController.swift; sourceTree = "<group>"; };
		165D5F961F122B8A009DC5E8 /* EntertainmentVC.swift */ = {isa = PBXFileReference; fileEncoding = 4; lastKnownFileType = sourcecode.swift; name = EntertainmentVC.swift; path = Controller/EntertainmentVC.swift; sourceTree = "<group>"; };
		165D5F981F122BA6009DC5E8 /* HomeVC.swift */ = {isa = PBXFileReference; fileEncoding = 4; lastKnownFileType = sourcecode.swift; name = HomeVC.swift; path = Controller/HomeVC.swift; sourceTree = "<group>"; };
		165D5F991F122BA6009DC5E8 /* GameVC.swift */ = {isa = PBXFileReference; fileEncoding = 4; lastKnownFileType = sourcecode.swift; name = GameVC.swift; path = Controller/GameVC.swift; sourceTree = "<group>"; };
		165D5F9D1F122DC4009DC5E8 /* GameModel.swift */ = {isa = PBXFileReference; fileEncoding = 4; lastKnownFileType = sourcecode.swift; name = GameModel.swift; path = Model/GameModel.swift; sourceTree = "<group>"; };
		165D5FA01F126BCE009DC5E8 /* SearchVC.swift */ = {isa = PBXFileReference; fileEncoding = 4; lastKnownFileType = sourcecode.swift; name = SearchVC.swift; path = Controller/SearchVC.swift; sourceTree = "<group>"; };
		165D5FA21F126C09009DC5E8 /* BaseVC.swift */ = {isa = PBXFileReference; fileEncoding = 4; lastKnownFileType = sourcecode.swift; name = BaseVC.swift; path = Controller/BaseVC.swift; sourceTree = "<group>"; };
/* End PBXFileReference section */

/* Begin PBXFrameworksBuildPhase section */
		165D5F481F122414009DC5E8 /* Frameworks */ = {
			isa = PBXFrameworksBuildPhase;
			buildActionMask = 2147483647;
			files = (
			);
			runOnlyForDeploymentPostprocessing = 0;
		};
		165D5F5C1F122414009DC5E8 /* Frameworks */ = {
			isa = PBXFrameworksBuildPhase;
			buildActionMask = 2147483647;
			files = (
			);
			runOnlyForDeploymentPostprocessing = 0;
		};
		165D5F671F122414009DC5E8 /* Frameworks */ = {
			isa = PBXFrameworksBuildPhase;
			buildActionMask = 2147483647;
			files = (
			);
			runOnlyForDeploymentPostprocessing = 0;
		};
/* End PBXFrameworksBuildPhase section */

/* Begin PBXGroup section */
		165D5F421F122414009DC5E8 = {
			isa = PBXGroup;
			children = (
				165D5F4D1F122414009DC5E8 /* TabBar */,
				165D5F621F122414009DC5E8 /* TabBarTests */,
				165D5F6D1F122414009DC5E8 /* TabBarUITests */,
				165D5F4C1F122414009DC5E8 /* Products */,
			);
			sourceTree = "<group>";
		};
		165D5F4C1F122414009DC5E8 /* Products */ = {
			isa = PBXGroup;
			children = (
				165D5F4B1F122414009DC5E8 /* TabBar.app */,
				165D5F5F1F122414009DC5E8 /* TabBarTests.xctest */,
				165D5F6A1F122414009DC5E8 /* TabBarUITests.xctest */,
			);
			name = Products;
			sourceTree = "<group>";
		};
		165D5F4D1F122414009DC5E8 /* TabBar */ = {
			isa = PBXGroup;
			children = (
				165D5F9C1F122DA0009DC5E8 /* Model */,
				165D5F8D1F1229B0009DC5E8 /* Controller */,
				165D5F881F12281B009DC5E8 /* Common */,
				165D5F4E1F122414009DC5E8 /* AppDelegate.swift */,
				165D5F521F122414009DC5E8 /* Main.storyboard */,
				165D5F551F122414009DC5E8 /* Assets.xcassets */,
				165D5F571F122414009DC5E8 /* LaunchScreen.storyboard */,
				165D5F5A1F122414009DC5E8 /* Info.plist */,
			);
			path = TabBar;
			sourceTree = "<group>";
		};
		165D5F621F122414009DC5E8 /* TabBarTests */ = {
			isa = PBXGroup;
			children = (
				165D5F631F122414009DC5E8 /* TabBarTests.swift */,
				165D5F651F122414009DC5E8 /* Info.plist */,
			);
			path = TabBarTests;
			sourceTree = "<group>";
		};
		165D5F6D1F122414009DC5E8 /* TabBarUITests */ = {
			isa = PBXGroup;
			children = (
				165D5F6E1F122414009DC5E8 /* TabBarUITests.swift */,
				165D5F701F122414009DC5E8 /* Info.plist */,
			);
			path = TabBarUITests;
			sourceTree = "<group>";
		};
		165D5F881F12281B009DC5E8 /* Common */ = {
			isa = PBXGroup;
			children = (
				165D5F891F12285E009DC5E8 /* Common.swift */,
				165D5F8B1F122915009DC5E8 /* UIColorExtension.swift */,
			);
			name = Common;
			path = ..;
			sourceTree = "<group>";
		};
		165D5F8D1F1229B0009DC5E8 /* Controller */ = {
			isa = PBXGroup;
			children = (
				165D5F9F1F126BAC009DC5E8 /* SearchController */,
				165D5F981F122BA6009DC5E8 /* HomeVC.swift */,
				165D5F991F122BA6009DC5E8 /* GameVC.swift */,
				165D5F961F122B8A009DC5E8 /* EntertainmentVC.swift */,
				165D5F941F122A54009DC5E8 /* NavigationController.swift */,
				165D5F8E1F1229D8009DC5E8 /* TabBarController.swift */,
				165D5FA21F126C09009DC5E8 /* BaseVC.swift */,
			);
			name = Controller;
			sourceTree = "<group>";
		};
		165D5F9C1F122DA0009DC5E8 /* Model */ = {
			isa = PBXGroup;
			children = (
				165D5F9D1F122DC4009DC5E8 /* GameModel.swift */,
			);
			name = Model;
			sourceTree = "<group>";
		};
		165D5F9F1F126BAC009DC5E8 /* SearchController */ = {
			isa = PBXGroup;
			children = (
				165D5FA01F126BCE009DC5E8 /* SearchVC.swift */,
			);
			name = SearchController;
			sourceTree = "<group>";
		};
/* End PBXGroup section */

/* Begin PBXNativeTarget section */
		165D5F4A1F122414009DC5E8 /* TabBar */ = {
			isa = PBXNativeTarget;
			buildConfigurationList = 165D5F731F122414009DC5E8 /* Build configuration list for PBXNativeTarget "TabBar" */;
			buildPhases = (
				165D5F471F122414009DC5E8 /* Sources */,
				165D5F481F122414009DC5E8 /* Frameworks */,
				165D5F491F122414009DC5E8 /* Resources */,
			);
			buildRules = (
			);
			dependencies = (
			);
			name = TabBar;
			productName = TabBar;
			productReference = 165D5F4B1F122414009DC5E8 /* TabBar.app */;
			productType = "com.apple.product-type.application";
		};
		165D5F5E1F122414009DC5E8 /* TabBarTests */ = {
			isa = PBXNativeTarget;
			buildConfigurationList = 165D5F761F122414009DC5E8 /* Build configuration list for PBXNativeTarget "TabBarTests" */;
			buildPhases = (
				165D5F5B1F122414009DC5E8 /* Sources */,
				165D5F5C1F122414009DC5E8 /* Frameworks */,
				165D5F5D1F122414009DC5E8 /* Resources */,
			);
			buildRules = (
			);
			dependencies = (
				165D5F611F122414009DC5E8 /* PBXTargetDependency */,
			);
			name = TabBarTests;
			productName = TabBarTests;
			productReference = 165D5F5F1F122414009DC5E8 /* TabBarTests.xctest */;
			productType = "com.apple.product-type.bundle.unit-test";
		};
		165D5F691F122414009DC5E8 /* TabBarUITests */ = {
			isa = PBXNativeTarget;
			buildConfigurationList = 165D5F791F122414009DC5E8 /* Build configuration list for PBXNativeTarget "TabBarUITests" */;
			buildPhases = (
				165D5F661F122414009DC5E8 /* Sources */,
				165D5F671F122414009DC5E8 /* Frameworks */,
				165D5F681F122414009DC5E8 /* Resources */,
			);
			buildRules = (
			);
			dependencies = (
				165D5F6C1F122414009DC5E8 /* PBXTargetDependency */,
			);
			name = TabBarUITests;
			productName = TabBarUITests;
			productReference = 165D5F6A1F122414009DC5E8 /* TabBarUITests.xctest */;
			productType = "com.apple.product-type.bundle.ui-testing";
		};
/* End PBXNativeTarget section */

/* Begin PBXProject section */
		165D5F431F122414009DC5E8 /* Project object */ = {
			isa = PBXProject;
			attributes = {
				LastSwiftUpdateCheck = 0830;
				LastUpgradeCheck = 0830;
				ORGANIZATIONNAME = v0cn123;
				TargetAttributes = {
					165D5F4A1F122414009DC5E8 = {
						CreatedOnToolsVersion = 8.3.3;
						DevelopmentTeam = LYM6AZJ44U;
						ProvisioningStyle = Automatic;
					};
					165D5F5E1F122414009DC5E8 = {
						CreatedOnToolsVersion = 8.3.3;
						DevelopmentTeam = LYM6AZJ44U;
						ProvisioningStyle = Automatic;
						TestTargetID = 165D5F4A1F122414009DC5E8;
					};
					165D5F691F122414009DC5E8 = {
						CreatedOnToolsVersion = 8.3.3;
						DevelopmentTeam = LYM6AZJ44U;
						ProvisioningStyle = Automatic;
						TestTargetID = 165D5F4A1F122414009DC5E8;
					};
				};
			};
			buildConfigurationList = 165D5F461F122414009DC5E8 /* Build configuration list for PBXProject "TabBar" */;
			compatibilityVersion = "Xcode 3.2";
			developmentRegion = English;
			hasScannedForEncodings = 0;
			knownRegions = (
				en,
				Base,
			);
			mainGroup = 165D5F421F122414009DC5E8;
			productRefGroup = 165D5F4C1F122414009DC5E8 /* Products */;
			projectDirPath = "";
			projectRoot = "";
			targets = (
				165D5F4A1F122414009DC5E8 /* TabBar */,
				165D5F5E1F122414009DC5E8 /* TabBarTests */,
				165D5F691F122414009DC5E8 /* TabBarUITests */,
			);
		};
/* End PBXProject section */

/* Begin PBXResourcesBuildPhase section */
		165D5F491F122414009DC5E8 /* Resources */ = {
			isa = PBXResourcesBuildPhase;
			buildActionMask = 2147483647;
			files = (
				165D5F591F122414009DC5E8 /* LaunchScreen.storyboard in Resources */,
				165D5F561F122414009DC5E8 /* Assets.xcassets in Resources */,
				165D5F541F122414009DC5E8 /* Main.storyboard in Resources */,
			);
			runOnlyForDeploymentPostprocessing = 0;
		};
		165D5F5D1F122414009DC5E8 /* Resources */ = {
			isa = PBXResourcesBuildPhase;
			buildActionMask = 2147483647;
			files = (
			);
			runOnlyForDeploymentPostprocessing = 0;
		};
		165D5F681F122414009DC5E8 /* Resources */ = {
			isa = PBXResourcesBuildPhase;
			buildActionMask = 2147483647;
			files = (
			);
			runOnlyForDeploymentPostprocessing = 0;
		};
/* End PBXResourcesBuildPhase section */

/* Begin PBXSourcesBuildPhase section */
		165D5F471F122414009DC5E8 /* Sources */ = {
			isa = PBXSourcesBuildPhase;
			buildActionMask = 2147483647;
			files = (
				165D5F971F122B8A009DC5E8 /* EntertainmentVC.swift in Sources */,
				165D5FA31F126C09009DC5E8 /* BaseVC.swift in Sources */,
				165D5F8F1F1229D8009DC5E8 /* TabBarController.swift in Sources */,
				165D5F9E1F122DC4009DC5E8 /* GameModel.swift in Sources */,
				165D5F951F122A54009DC5E8 /* NavigationController.swift in Sources */,
				165D5F9A1F122BA6009DC5E8 /* HomeVC.swift in Sources */,
				165D5F8C1F122915009DC5E8 /* UIColorExtension.swift in Sources */,
				165D5FA11F126BCE009DC5E8 /* SearchVC.swift in Sources */,
				165D5F8A1F12285E009DC5E8 /* Common.swift in Sources */,
				165D5F9B1F122BA6009DC5E8 /* GameVC.swift in Sources */,
				165D5F4F1F122414009DC5E8 /* AppDelegate.swift in Sources */,
			);
			runOnlyForDeploymentPostprocessing = 0;
		};
		165D5F5B1F122414009DC5E8 /* Sources */ = {
			isa = PBXSourcesBuildPhase;
			buildActionMask = 2147483647;
			files = (
				165D5F641F122414009DC5E8 /* TabBarTests.swift in Sources */,
			);
			runOnlyForDeploymentPostprocessing = 0;
		};
		165D5F661F122414009DC5E8 /* Sources */ = {
			isa = PBXSourcesBuildPhase;
			buildActionMask = 2147483647;
			files = (
				165D5F6F1F122414009DC5E8 /* TabBarUITests.swift in Sources */,
			);
			runOnlyForDeploymentPostprocessing = 0;
		};
/* End PBXSourcesBuildPhase section */

/* Begin PBXTargetDependency section */
		165D5F611F122414009DC5E8 /* PBXTargetDependency */ = {
			isa = PBXTargetDependency;
			target = 165D5F4A1F122414009DC5E8 /* TabBar */;
			targetProxy = 165D5F601F122414009DC5E8 /* PBXContainerItemProxy */;
		};
		165D5F6C1F122414009DC5E8 /* PBXTargetDependency */ = {
			isa = PBXTargetDependency;
			target = 165D5F4A1F122414009DC5E8 /* TabBar */;
			targetProxy = 165D5F6B1F122414009DC5E8 /* PBXContainerItemProxy */;
		};
/* End PBXTargetDependency section */

/* Begin PBXVariantGroup section */
		165D5F521F122414009DC5E8 /* Main.storyboard */ = {
			isa = PBXVariantGroup;
			children = (
				165D5F531F122414009DC5E8 /* Base */,
			);
			name = Main.storyboard;
			sourceTree = "<group>";
		};
		165D5F571F122414009DC5E8 /* LaunchScreen.storyboard */ = {
			isa = PBXVariantGroup;
			children = (
				165D5F581F122414009DC5E8 /* Base */,
			);
			name = LaunchScreen.storyboard;
			sourceTree = "<group>";
		};
/* End PBXVariantGroup section */

/* Begin XCBuildConfiguration section */
		165D5F711F122414009DC5E8 /* Debug */ = {
			isa = XCBuildConfiguration;
			buildSettings = {
				ALWAYS_SEARCH_USER_PATHS = NO;
				CLANG_ANALYZER_NONNULL = YES;
				CLANG_ANALYZER_NUMBER_OBJECT_CONVERSION = YES_AGGRESSIVE;
				CLANG_CXX_LANGUAGE_STANDARD = "gnu++0x";
				CLANG_CXX_LIBRARY = "libc++";
				CLANG_ENABLE_MODULES = YES;
				CLANG_ENABLE_OBJC_ARC = YES;
				CLANG_WARN_BOOL_CONVERSION = YES;
				CLANG_WARN_CONSTANT_CONVERSION = YES;
				CLANG_WARN_DIRECT_OBJC_ISA_USAGE = YES_ERROR;
				CLANG_WARN_DOCUMENTATION_COMMENTS = YES;
				CLANG_WARN_EMPTY_BODY = YES;
				CLANG_WARN_ENUM_CONVERSION = YES;
				CLANG_WARN_INFINITE_RECURSION = YES;
				CLANG_WARN_INT_CONVERSION = YES;
				CLANG_WARN_OBJC_ROOT_CLASS = YES_ERROR;
				CLANG_WARN_SUSPICIOUS_MOVE = YES;
				CLANG_WARN_UNREACHABLE_CODE = YES;
				CLANG_WARN__DUPLICATE_METHOD_MATCH = YES;
				"CODE_SIGN_IDENTITY[sdk=iphoneos*]" = "iPhone Developer";
				COPY_PHASE_STRIP = NO;
				DEBUG_INFORMATION_FORMAT = dwarf;
				ENABLE_STRICT_OBJC_MSGSEND = YES;
				ENABLE_TESTABILITY = YES;
				GCC_C_LANGUAGE_STANDARD = gnu99;
				GCC_DYNAMIC_NO_PIC = NO;
				GCC_NO_COMMON_BLOCKS = YES;
				GCC_OPTIMIZATION_LEVEL = 0;
				GCC_PREPROCESSOR_DEFINITIONS = (
					"DEBUG=1",
					"$(inherited)",
				);
				GCC_WARN_64_TO_32_BIT_CONVERSION = YES;
				GCC_WARN_ABOUT_RETURN_TYPE = YES_ERROR;
				GCC_WARN_UNDECLARED_SELECTOR = YES;
				GCC_WARN_UNINITIALIZED_AUTOS = YES_AGGRESSIVE;
				GCC_WARN_UNUSED_FUNCTION = YES;
				GCC_WARN_UNUSED_VARIABLE = YES;
				IPHONEOS_DEPLOYMENT_TARGET = 10.3;
				MTL_ENABLE_DEBUG_INFO = YES;
				ONLY_ACTIVE_ARCH = YES;
				SDKROOT = iphoneos;
				SWIFT_ACTIVE_COMPILATION_CONDITIONS = DEBUG;
				SWIFT_OPTIMIZATION_LEVEL = "-Onone";
				TARGETED_DEVICE_FAMILY = "1,2";
			};
			name = Debug;
		};
		165D5F721F122414009DC5E8 /* Release */ = {
			isa = XCBuildConfiguration;
			buildSettings = {
				ALWAYS_SEARCH_USER_PATHS = NO;
				CLANG_ANALYZER_NONNULL = YES;
				CLANG_ANALYZER_NUMBER_OBJECT_CONVERSION = YES_AGGRESSIVE;
				CLANG_CXX_LANGUAGE_STANDARD = "gnu++0x";
				CLANG_CXX_LIBRARY = "libc++";
				CLANG_ENABLE_MODULES = YES;
				CLANG_ENABLE_OBJC_ARC = YES;
				CLANG_WARN_BOOL_CONVERSION = YES;
				CLANG_WARN_CONSTANT_CONVERSION = YES;
				CLANG_WARN_DIRECT_OBJC_ISA_USAGE = YES_ERROR;
				CLANG_WARN_DOCUMENTATION_COMMENTS = YES;
				CLANG_WARN_EMPTY_BODY = YES;
				CLANG_WARN_ENUM_CONVERSION = YES;
				CLANG_WARN_INFINITE_RECURSION = YES;
				CLANG_WARN_INT_CONVERSION = YES;
				CLANG_WARN_OBJC_ROOT_CLASS = YES_ERROR;
				CLANG_WARN_SUSPICIOUS_MOVE = YES;
				CLANG_WARN_UNREACHABLE_CODE = YES;
				CLANG_WARN__DUPLICATE_METHOD_MATCH = YES;
				"CODE_SIGN_IDENTITY[sdk=iphoneos*]" = "iPhone Developer";
				COPY_PHASE_STRIP = NO;
				DEBUG_INFORMATION_FORMAT = "dwarf-with-dsym";
				ENABLE_NS_ASSERTIONS = NO;
				ENABLE_STRICT_OBJC_MSGSEND = YES;
				GCC_C_LANGUAGE_STANDARD = gnu99;
				GCC_NO_COMMON_BLOCKS = YES;
				GCC_WARN_64_TO_32_BIT_CONVERSION = YES;
				GCC_WARN_ABOUT_RETURN_TYPE = YES_ERROR;
				GCC_WARN_UNDECLARED_SELECTOR = YES;
				GCC_WARN_UNINITIALIZED_AUTOS = YES_AGGRESSIVE;
				GCC_WARN_UNUSED_FUNCTION = YES;
				GCC_WARN_UNUSED_VARIABLE = YES;
				IPHONEOS_DEPLOYMENT_TARGET = 10.3;
				MTL_ENABLE_DEBUG_INFO = NO;
				SDKROOT = iphoneos;
				SWIFT_OPTIMIZATION_LEVEL = "-Owholemodule";
				TARGETED_DEVICE_FAMILY = "1,2";
				VALIDATE_PRODUCT = YES;
			};
			name = Release;
		};
		165D5F741F122414009DC5E8 /* Debug */ = {
			isa = XCBuildConfiguration;
			buildSettings = {
				ASSETCATALOG_COMPILER_APPICON_NAME = AppIcon;
				DEVELOPMENT_TEAM = LYM6AZJ44U;
				INFOPLIST_FILE = TabBar/Info.plist;
				LD_RUNPATH_SEARCH_PATHS = "$(inherited) @executable_path/Frameworks";
				PRODUCT_BUNDLE_IDENTIFIER = com.liupeng.TabBar;
				PRODUCT_NAME = "$(TARGET_NAME)";
				SWIFT_VERSION = 3.0;
			};
			name = Debug;
		};
		165D5F751F122414009DC5E8 /* Release */ = {
			isa = XCBuildConfiguration;
			buildSettings = {
				ASSETCATALOG_COMPILER_APPICON_NAME = AppIcon;
				DEVELOPMENT_TEAM = LYM6AZJ44U;
				INFOPLIST_FILE = TabBar/Info.plist;
				LD_RUNPATH_SEARCH_PATHS = "$(inherited) @executable_path/Frameworks";
				PRODUCT_BUNDLE_IDENTIFIER = com.liupeng.TabBar;
				PRODUCT_NAME = "$(TARGET_NAME)";
				SWIFT_VERSION = 3.0;
			};
			name = Release;
		};
		165D5F771F122414009DC5E8 /* Debug */ = {
			isa = XCBuildConfiguration;
			buildSettings = {
				ALWAYS_EMBED_SWIFT_STANDARD_LIBRARIES = YES;
				BUNDLE_LOADER = "$(TEST_HOST)";
				DEVELOPMENT_TEAM = LYM6AZJ44U;
				INFOPLIST_FILE = TabBarTests/Info.plist;
				LD_RUNPATH_SEARCH_PATHS = "$(inherited) @executable_path/Frameworks @loader_path/Frameworks";
				PRODUCT_BUNDLE_IDENTIFIER = com.liupeng.TabBarTests;
				PRODUCT_NAME = "$(TARGET_NAME)";
				SWIFT_VERSION = 3.0;
				TEST_HOST = "$(BUILT_PRODUCTS_DIR)/TabBar.app/TabBar";
			};
			name = Debug;
		};
		165D5F781F122414009DC5E8 /* Release */ = {
			isa = XCBuildConfiguration;
			buildSettings = {
				ALWAYS_EMBED_SWIFT_STANDARD_LIBRARIES = YES;
				BUNDLE_LOADER = "$(TEST_HOST)";
				DEVELOPMENT_TEAM = LYM6AZJ44U;
				INFOPLIST_FILE = TabBarTests/Info.plist;
				LD_RUNPATH_SEARCH_PATHS = "$(inherited) @executable_path/Frameworks @loader_path/Frameworks";
				PRODUCT_BUNDLE_IDENTIFIER = com.liupeng.TabBarTests;
				PRODUCT_NAME = "$(TARGET_NAME)";
				SWIFT_VERSION = 3.0;
				TEST_HOST = "$(BUILT_PRODUCTS_DIR)/TabBar.app/TabBar";
			};
			name = Release;
		};
		165D5F7A1F122414009DC5E8 /* Debug */ = {
			isa = XCBuildConfiguration;
			buildSettings = {
				ALWAYS_EMBED_SWIFT_STANDARD_LIBRARIES = YES;
				DEVELOPMENT_TEAM = LYM6AZJ44U;
				INFOPLIST_FILE = TabBarUITests/Info.plist;
				LD_RUNPATH_SEARCH_PATHS = "$(inherited) @executable_path/Frameworks @loader_path/Frameworks";
				PRODUCT_BUNDLE_IDENTIFIER = com.liupeng.TabBarUITests;
				PRODUCT_NAME = "$(TARGET_NAME)";
				SWIFT_VERSION = 3.0;
				TEST_TARGET_NAME = TabBar;
			};
			name = Debug;
		};
		165D5F7B1F122414009DC5E8 /* Release */ = {
			isa = XCBuildConfiguration;
			buildSettings = {
				ALWAYS_EMBED_SWIFT_STANDARD_LIBRARIES = YES;
				DEVELOPMENT_TEAM = LYM6AZJ44U;
				INFOPLIST_FILE = TabBarUITests/Info.plist;
				LD_RUNPATH_SEARCH_PATHS = "$(inherited) @executable_path/Frameworks @loader_path/Frameworks";
				PRODUCT_BUNDLE_IDENTIFIER = com.liupeng.TabBarUITests;
				PRODUCT_NAME = "$(TARGET_NAME)";
				SWIFT_VERSION = 3.0;
				TEST_TARGET_NAME = TabBar;
			};
			name = Release;
		};
/* End XCBuildConfiguration section */

/* Begin XCConfigurationList section */
		165D5F461F122414009DC5E8 /* Build configuration list for PBXProject "TabBar" */ = {
			isa = XCConfigurationList;
			buildConfigurations = (
				165D5F711F122414009DC5E8 /* Debug */,
				165D5F721F122414009DC5E8 /* Release */,
			);
			defaultConfigurationIsVisible = 0;
			defaultConfigurationName = Release;
		};
		165D5F731F122414009DC5E8 /* Build configuration list for PBXNativeTarget "TabBar" */ = {
			isa = XCConfigurationList;
			buildConfigurations = (
				165D5F741F122414009DC5E8 /* Debug */,
				165D5F751F122414009DC5E8 /* Release */,
			);
			defaultConfigurationIsVisible = 0;
		};
		165D5F761F122414009DC5E8 /* Build configuration list for PBXNativeTarget "TabBarTests" */ = {
			isa = XCConfigurationList;
			buildConfigurations = (
				165D5F771F122414009DC5E8 /* Debug */,
				165D5F781F122414009DC5E8 /* Release */,
			);
			defaultConfigurationIsVisible = 0;
		};
		165D5F791F122414009DC5E8 /* Build configuration list for PBXNativeTarget "TabBarUITests" */ = {
			isa = XCConfigurationList;
			buildConfigurations = (
				165D5F7A1F122414009DC5E8 /* Debug */,
				165D5F7B1F122414009DC5E8 /* Release */,
			);
			defaultConfigurationIsVisible = 0;
		};
/* End XCConfigurationList section */
	};
	rootObject = 165D5F431F122414009DC5E8 /* Project object */;
}
